
Microsoft Visual Studio Solution File, Format Version 12.00
# Visual Studio Version 18
VisualStudioVersion = 18.0.11010.61
MinimumVisualStudioVersion = 10.0.40219.1
Project("{FAE04EC0-301F-11D3-BF4B-00C04F79EFBC}") = "BlazorOrchestrator.Agent", "src\BlazorOrchestrator.Agent\BlazorOrchestrator.Agent.csproj", "{610BCA7C-2276-79D6-8DC1-9F3A252E48CB}"
EndProject
Project("{FAE04EC0-301F-11D3-BF4B-00C04F79EFBC}") = "BlazorOrchestrator.AppHost", "src\BlazorOrchestrator.AppHost\BlazorOrchestrator.AppHost.csproj", "{1BB3FF70-B4AA-8E98-E73B-DC3DA7B146DB}"
EndProject
Project("{FAE04EC0-301F-11D3-BF4B-00C04F79EFBC}") = "BlazorOrchestrator.Scheduler", "src\BlazorOrchestrator.Scheduler\BlazorOrchestrator.Scheduler.csproj", "{95DF727F-CB28-0F81-23BE-43BD1CFCB4EC}"
EndProject
Project("{FAE04EC0-301F-11D3-BF4B-00C04F79EFBC}") = "BlazorOrchestrator.ServiceDefaults", "src\BlazorOrchestrator.ServiceDefaults\BlazorOrchestrator.ServiceDefaults.csproj", "{2BEA1E9D-124D-32FF-6BB6-2800AEF24890}"
EndProject
Project("{FAE04EC0-301F-11D3-BF4B-00C04F79EFBC}") = "BlazorOrchestrator.Web", "src\BlazorOrchestrator.Web\BlazorOrchestrator.Web.csproj", "{34714689-ACEE-ACC6-BCF1-AA1715536CF2}"
EndProject
Project("{FAE04EC0-301F-11D3-BF4B-00C04F79EFBC}") = "BlazorDataOrchestrator.Core", "src\BlazorDataOrchestrator.Core\BlazorDataOrchestrator.Core.csproj", "{08630733-1B6D-7DC1-784A-9848CAC9A22A}"
EndProject
Project("{FAE04EC0-301F-11D3-BF4B-00C04F79EFBC}") = "BlazorDataOrchestrator.JobCreatorTemplate", "src\BlazorDataOrchestrator.JobCreatorTemplate\BlazorDataOrchestrator.JobCreatorTemplate.csproj", "{D084D7D6-BA51-09B7-061A-839C9E8D9678}"
EndProject
Global
	GlobalSection(SolutionConfigurationPlatforms) = preSolution
		Debug|Any CPU = Debug|Any CPU
		Release|Any CPU = Release|Any CPU
	EndGlobalSection
	GlobalSection(ProjectConfigurationPlatforms) = postSolution
		{610BCA7C-2276-79D6-8DC1-9F3A252E48CB}.Debug|Any CPU.ActiveCfg = Debug|Any CPU
		{610BCA7C-2276-79D6-8DC1-9F3A252E48CB}.Debug|Any CPU.Build.0 = Debug|Any CPU
		{610BCA7C-2276-79D6-8DC1-9F3A252E48CB}.Release|Any CPU.ActiveCfg = Release|Any CPU
		{610BCA7C-2276-79D6-8DC1-9F3A252E48CB}.Release|Any CPU.Build.0 = Release|Any CPU
		{1BB3FF70-B4AA-8E98-E73B-DC3DA7B146DB}.Debug|Any CPU.ActiveCfg = Debug|Any CPU
		{1BB3FF70-B4AA-8E98-E73B-DC3DA7B146DB}.Debug|Any CPU.Build.0 = Debug|Any CPU
		{1BB3FF70-B4AA-8E98-E73B-DC3DA7B146DB}.Release|Any CPU.ActiveCfg = Release|Any CPU
		{1BB3FF70-B4AA-8E98-E73B-DC3DA7B146DB}.Release|Any CPU.Build.0 = Release|Any CPU
		{95DF727F-CB28-0F81-23BE-43BD1CFCB4EC}.Debug|Any CPU.ActiveCfg = Debug|Any CPU
		{95DF727F-CB28-0F81-23BE-43BD1CFCB4EC}.Debug|Any CPU.Build.0 = Debug|Any CPU
		{95DF727F-CB28-0F81-23BE-43BD1CFCB4EC}.Release|Any CPU.ActiveCfg = Release|Any CPU
		{95DF727F-CB28-0F81-23BE-43BD1CFCB4EC}.Release|Any CPU.Build.0 = Release|Any CPU
		{2BEA1E9D-124D-32FF-6BB6-2800AEF24890}.Debug|Any CPU.ActiveCfg = Debug|Any CPU
		{2BEA1E9D-124D-32FF-6BB6-2800AEF24890}.Debug|Any CPU.Build.0 = Debug|Any CPU
		{2BEA1E9D-124D-32FF-6BB6-2800AEF24890}.Release|Any CPU.ActiveCfg = Release|Any CPU
		{2BEA1E9D-124D-32FF-6BB6-2800AEF24890}.Release|Any CPU.Build.0 = Release|Any CPU
		{34714689-ACEE-ACC6-BCF1-AA1715536CF2}.Debug|Any CPU.ActiveCfg = Debug|Any CPU
		{34714689-ACEE-ACC6-BCF1-AA1715536CF2}.Debug|Any CPU.Build.0 = Debug|Any CPU
		{34714689-ACEE-ACC6-BCF1-AA1715536CF2}.Release|Any CPU.ActiveCfg = Release|Any CPU
		{34714689-ACEE-ACC6-BCF1-AA1715536CF2}.Release|Any CPU.Build.0 = Release|Any CPU
		{08630733-1B6D-7DC1-784A-9848CAC9A22A}.Debug|Any CPU.ActiveCfg = Debug|Any CPU
		{08630733-1B6D-7DC1-784A-9848CAC9A22A}.Debug|Any CPU.Build.0 = Debug|Any CPU
		{08630733-1B6D-7DC1-784A-9848CAC9A22A}.Release|Any CPU.ActiveCfg = Release|Any CPU
		{08630733-1B6D-7DC1-784A-9848CAC9A22A}.Release|Any CPU.Build.0 = Release|Any CPU
		{D084D7D6-BA51-09B7-061A-839C9E8D9678}.Debug|Any CPU.ActiveCfg = Debug|Any CPU
		{D084D7D6-BA51-09B7-061A-839C9E8D9678}.Debug|Any CPU.Build.0 = Debug|Any CPU
		{D084D7D6-BA51-09B7-061A-839C9E8D9678}.Release|Any CPU.ActiveCfg = Release|Any CPU
		{D084D7D6-BA51-09B7-061A-839C9E8D9678}.Release|Any CPU.Build.0 = Release|Any CPU
	EndGlobalSection
	GlobalSection(SolutionProperties) = preSolution
		HideSolutionNode = FALSE
	EndGlobalSection
	GlobalSection(ExtensibilityGlobals) = postSolution
		SolutionGuid = {11A27BB6-A5A6-4A58-98F0-068BDC097557}
	EndGlobalSection
EndGlobal
