<Solution>
  <Folder Name="/Solution Items/">
    <File Path=".github/skills/coding-a-job-csharp/SKILL.md" />
    <File Path=".github/skills/coding-a-job-python/SKILL.md" />
  </Folder>
  <Project Path="src/BlazorDataOrchestrator.Core/BlazorDataOrchestrator.Core.csproj" />
  <Project Path="src/BlazorDataOrchestrator.JobCreatorTemplate/BlazorDataOrchestrator.JobCreatorTemplate.csproj" />
</Solution>
