<Solution>
  <Folder Name="/Solution Items/">
    <File Path=".github/skills/csharp.instructions.md" />
    <File Path=".github/skills/python.instructions.md" />
  </Folder>
  <Project Path="src/BlazorDataOrchestrator.Core/BlazorDataOrchestrator.Core.csproj" />
  <Project Path="src/BlazorDataOrchestrator.JobCreatorTemplate/BlazorDataOrchestrator.JobCreatorTemplate.csproj" />
</Solution>
